
Microsoft Visual Studio Solution File, Format Version 12.00
# Visual Studio 2013
VisualStudioVersion = 12.0.31101.0
MinimumVisualStudioVersion = 10.0.40219.1
Project("{2150E333-8FDC-42A3-9474-1A3956D46DE8}") = "Solution Items", "Solution Items", "{A31932B8-DDCD-460B-BCF3-9352C49DF704}"
	ProjectSection(SolutionItems) = preProject
		..\readme.md = ..\readme.md
		SharedAssemblyInfo.cs = SharedAssemblyInfo.cs
	EndProjectSection
EndProject
Project("{2150E333-8FDC-42A3-9474-1A3956D46DE8}") = "Tests", "Tests", "{8317C0CB-5273-44E7-96C1-1484EA989871}"
EndProject
Project("{FAE04EC0-301F-11D3-BF4B-00C04F79EFBC}") = "SlashTodo.Core.Tests", "Tests\SlashTodo.Core.Tests\SlashTodo.Core.Tests.csproj", "{82C1A30B-378C-4381-A3E1-DCB24DD67D83}"
EndProject
Project("{FAE04EC0-301F-11D3-BF4B-00C04F79EFBC}") = "SlashTodo.Core", "SlashTodo.Core\SlashTodo.Core.csproj", "{53F70269-9818-4B4D-8EF6-568DB8276BBB}"
EndProject
Project("{FAE04EC0-301F-11D3-BF4B-00C04F79EFBC}") = "SlashTodo.Web", "SlashTodo.Web\SlashTodo.Web.csproj", "{7D80BCBA-44FE-4E32-9026-707E659DD12D}"
EndProject
Project("{FAE04EC0-301F-11D3-BF4B-00C04F79EFBC}") = "SlashTodo.Infrastructure", "SlashTodo.Infrastructure\SlashTodo.Infrastructure.csproj", "{57A0ECAD-268A-4DD4-A2E9-90BB5C620017}"
EndProject
Project("{FAE04EC0-301F-11D3-BF4B-00C04F79EFBC}") = "SlashTodo.Infrastructure.Tests", "SlashTodo.Infrastructure.Tests\SlashTodo.Infrastructure.Tests.csproj", "{E6D8271A-06F5-49F6-816C-656D7E8B3F5C}"
EndProject
Project("{FAE04EC0-301F-11D3-BF4B-00C04F79EFBC}") = "SlashTodo.Web.Tests", "SlashTodo.Web.Tests\SlashTodo.Web.Tests.csproj", "{49F1588A-1B64-4A38-8F19-886458093884}"
EndProject
Project("{FAE04EC0-301F-11D3-BF4B-00C04F79EFBC}") = "SlashTodo.Tests.Common", "SlashTodo.Tests.Common\SlashTodo.Tests.Common.csproj", "{10847375-A76B-4C4E-9F49-46A0CFC3F376}"
EndProject
Global
	GlobalSection(SolutionConfigurationPlatforms) = preSolution
		Debug|Any CPU = Debug|Any CPU
		Release|Any CPU = Release|Any CPU
	EndGlobalSection
	GlobalSection(ProjectConfigurationPlatforms) = postSolution
		{82C1A30B-378C-4381-A3E1-DCB24DD67D83}.Debug|Any CPU.ActiveCfg = Debug|Any CPU
		{82C1A30B-378C-4381-A3E1-DCB24DD67D83}.Debug|Any CPU.Build.0 = Debug|Any CPU
		{82C1A30B-378C-4381-A3E1-DCB24DD67D83}.Release|Any CPU.ActiveCfg = Release|Any CPU
		{82C1A30B-378C-4381-A3E1-DCB24DD67D83}.Release|Any CPU.Build.0 = Release|Any CPU
		{53F70269-9818-4B4D-8EF6-568DB8276BBB}.Debug|Any CPU.ActiveCfg = Debug|Any CPU
		{53F70269-9818-4B4D-8EF6-568DB8276BBB}.Debug|Any CPU.Build.0 = Debug|Any CPU
		{53F70269-9818-4B4D-8EF6-568DB8276BBB}.Release|Any CPU.ActiveCfg = Release|Any CPU
		{53F70269-9818-4B4D-8EF6-568DB8276BBB}.Release|Any CPU.Build.0 = Release|Any CPU
		{7D80BCBA-44FE-4E32-9026-707E659DD12D}.Debug|Any CPU.ActiveCfg = Debug|Any CPU
		{7D80BCBA-44FE-4E32-9026-707E659DD12D}.Debug|Any CPU.Build.0 = Debug|Any CPU
		{7D80BCBA-44FE-4E32-9026-707E659DD12D}.Release|Any CPU.ActiveCfg = Release|Any CPU
		{7D80BCBA-44FE-4E32-9026-707E659DD12D}.Release|Any CPU.Build.0 = Release|Any CPU
		{57A0ECAD-268A-4DD4-A2E9-90BB5C620017}.Debug|Any CPU.ActiveCfg = Debug|Any CPU
		{57A0ECAD-268A-4DD4-A2E9-90BB5C620017}.Debug|Any CPU.Build.0 = Debug|Any CPU
		{57A0ECAD-268A-4DD4-A2E9-90BB5C620017}.Release|Any CPU.ActiveCfg = Release|Any CPU
		{57A0ECAD-268A-4DD4-A2E9-90BB5C620017}.Release|Any CPU.Build.0 = Release|Any CPU
		{E6D8271A-06F5-49F6-816C-656D7E8B3F5C}.Debug|Any CPU.ActiveCfg = Debug|Any CPU
		{E6D8271A-06F5-49F6-816C-656D7E8B3F5C}.Debug|Any CPU.Build.0 = Debug|Any CPU
		{E6D8271A-06F5-49F6-816C-656D7E8B3F5C}.Release|Any CPU.ActiveCfg = Release|Any CPU
		{E6D8271A-06F5-49F6-816C-656D7E8B3F5C}.Release|Any CPU.Build.0 = Release|Any CPU
		{49F1588A-1B64-4A38-8F19-886458093884}.Debug|Any CPU.ActiveCfg = Debug|Any CPU
		{49F1588A-1B64-4A38-8F19-886458093884}.Debug|Any CPU.Build.0 = Debug|Any CPU
		{49F1588A-1B64-4A38-8F19-886458093884}.Release|Any CPU.ActiveCfg = Release|Any CPU
		{49F1588A-1B64-4A38-8F19-886458093884}.Release|Any CPU.Build.0 = Release|Any CPU
		{10847375-A76B-4C4E-9F49-46A0CFC3F376}.Debug|Any CPU.ActiveCfg = Debug|Any CPU
		{10847375-A76B-4C4E-9F49-46A0CFC3F376}.Debug|Any CPU.Build.0 = Debug|Any CPU
		{10847375-A76B-4C4E-9F49-46A0CFC3F376}.Release|Any CPU.ActiveCfg = Release|Any CPU
		{10847375-A76B-4C4E-9F49-46A0CFC3F376}.Release|Any CPU.Build.0 = Release|Any CPU
	EndGlobalSection
	GlobalSection(SolutionProperties) = preSolution
		HideSolutionNode = FALSE
	EndGlobalSection
	GlobalSection(NestedProjects) = preSolution
		{82C1A30B-378C-4381-A3E1-DCB24DD67D83} = {8317C0CB-5273-44E7-96C1-1484EA989871}
		{E6D8271A-06F5-49F6-816C-656D7E8B3F5C} = {8317C0CB-5273-44E7-96C1-1484EA989871}
		{49F1588A-1B64-4A38-8F19-886458093884} = {8317C0CB-5273-44E7-96C1-1484EA989871}
		{10847375-A76B-4C4E-9F49-46A0CFC3F376} = {8317C0CB-5273-44E7-96C1-1484EA989871}
	EndGlobalSection
EndGlobal
